// !$*UTF8*$!
{
	archiveVersion = 1;
	classes = {
	};
	objectVersion = 56;
	objects = {

/* Begin PBXBuildFile section */
		AD71D1D92AFA7C6F0037FE91 /* CustomTabBarController.swift in Sources */ = {isa = PBXBuildFile; fileRef = AD71D1D82AFA7C6F0037FE91 /* CustomTabBarController.swift */; };
		AD72FA492AF9FB8700DE156C /* AppDelegate.swift in Sources */ = {isa = PBXBuildFile; fileRef = AD72FA482AF9FB8700DE156C /* AppDelegate.swift */; };
		AD72FA4B2AF9FB8700DE156C /* SceneDelegate.swift in Sources */ = {isa = PBXBuildFile; fileRef = AD72FA4A2AF9FB8700DE156C /* SceneDelegate.swift */; };
		AD72FA4D2AF9FB8700DE156C /* ViewController.swift in Sources */ = {isa = PBXBuildFile; fileRef = AD72FA4C2AF9FB8700DE156C /* ViewController.swift */; };
		AD72FA502AF9FB8700DE156C /* Main.storyboard in Resources */ = {isa = PBXBuildFile; fileRef = AD72FA4E2AF9FB8700DE156C /* Main.storyboard */; };
		AD72FA522AF9FB8800DE156C /* Assets.xcassets in Resources */ = {isa = PBXBuildFile; fileRef = AD72FA512AF9FB8800DE156C /* Assets.xcassets */; };
		AD72FA552AF9FB8800DE156C /* LaunchScreen.storyboard in Resources */ = {isa = PBXBuildFile; fileRef = AD72FA532AF9FB8800DE156C /* LaunchScreen.storyboard */; };
		AD7509912AFC0A20005E9ACD /* EventAnnotation.swift in Sources */ = {isa = PBXBuildFile; fileRef = AD7509902AFC0A20005E9ACD /* EventAnnotation.swift */; };
		AD7509932AFC0A70005E9ACD /* EventViewController.swift in Sources */ = {isa = PBXBuildFile; fileRef = AD7509922AFC0A70005E9ACD /* EventViewController.swift */; };
		AD7509962AFC1367005E9ACD /* CustomAnnotationView.swift in Sources */ = {isa = PBXBuildFile; fileRef = AD7509952AFC1367005E9ACD /* CustomAnnotationView.swift */; };
		AD7509992B06D288005E9ACD /* ProfileViewController.swift in Sources */ = {isa = PBXBuildFile; fileRef = AD7509982B06D288005E9ACD /* ProfileViewController.swift */; };
		AD9842A02AFAA0340006E5B1 /* AddEventViewController.swift in Sources */ = {isa = PBXBuildFile; fileRef = AD98429F2AFAA0340006E5B1 /* AddEventViewController.swift */; };
		ADBCC57A2AFAE0130025608B /* Event.swift in Sources */ = {isa = PBXBuildFile; fileRef = ADBCC5792AFAE0130025608B /* Event.swift */; };
		ADBCC57C2AFAE06A0025608B /* EventDataManager.swift in Sources */ = {isa = PBXBuildFile; fileRef = ADBCC57B2AFAE06A0025608B /* EventDataManager.swift */; };
		ADBCC5812AFAE3390025608B /* DropPinViewController.swift in Sources */ = {isa = PBXBuildFile; fileRef = ADBCC5802AFAE3390025608B /* DropPinViewController.swift */; };
		ADFBCCFB2AFAB2E7001B13AE /* MapViewController.swift in Sources */ = {isa = PBXBuildFile; fileRef = ADFBCCFA2AFAB2E7001B13AE /* MapViewController.swift */; };
/* End PBXBuildFile section */

/* Begin PBXFileReference section */
		AD71D1D82AFA7C6F0037FE91 /* CustomTabBarController.swift */ = {isa = PBXFileReference; lastKnownFileType = sourcecode.swift; path = CustomTabBarController.swift; sourceTree = "<group>"; };
		AD72FA452AF9FB8700DE156C /* EcoSpotter.app */ = {isa = PBXFileReference; explicitFileType = wrapper.application; includeInIndex = 0; path = EcoSpotter.app; sourceTree = BUILT_PRODUCTS_DIR; };
		AD72FA482AF9FB8700DE156C /* AppDelegate.swift */ = {isa = PBXFileReference; lastKnownFileType = sourcecode.swift; path = AppDelegate.swift; sourceTree = "<group>"; };
		AD72FA4A2AF9FB8700DE156C /* SceneDelegate.swift */ = {isa = PBXFileReference; lastKnownFileType = sourcecode.swift; path = SceneDelegate.swift; sourceTree = "<group>"; };
		AD72FA4C2AF9FB8700DE156C /* ViewController.swift */ = {isa = PBXFileReference; lastKnownFileType = sourcecode.swift; path = ViewController.swift; sourceTree = "<group>"; };
		AD72FA4F2AF9FB8700DE156C /* Base */ = {isa = PBXFileReference; lastKnownFileType = file.storyboard; name = Base; path = Base.lproj/Main.storyboard; sourceTree = "<group>"; };
		AD72FA512AF9FB8800DE156C /* Assets.xcassets */ = {isa = PBXFileReference; lastKnownFileType = folder.assetcatalog; path = Assets.xcassets; sourceTree = "<group>"; };
		AD72FA542AF9FB8800DE156C /* Base */ = {isa = PBXFileReference; lastKnownFileType = file.storyboard; name = Base; path = Base.lproj/LaunchScreen.storyboard; sourceTree = "<group>"; };
		AD72FA562AF9FB8800DE156C /* Info.plist */ = {isa = PBXFileReference; lastKnownFileType = text.plist.xml; path = Info.plist; sourceTree = "<group>"; };
		AD7509902AFC0A20005E9ACD /* EventAnnotation.swift */ = {isa = PBXFileReference; lastKnownFileType = sourcecode.swift; path = EventAnnotation.swift; sourceTree = "<group>"; };
		AD7509922AFC0A70005E9ACD /* EventViewController.swift */ = {isa = PBXFileReference; lastKnownFileType = sourcecode.swift; path = EventViewController.swift; sourceTree = "<group>"; };
		AD7509952AFC1367005E9ACD /* CustomAnnotationView.swift */ = {isa = PBXFileReference; lastKnownFileType = sourcecode.swift; path = CustomAnnotationView.swift; sourceTree = "<group>"; };
		AD7509982B06D288005E9ACD /* ProfileViewController.swift */ = {isa = PBXFileReference; lastKnownFileType = sourcecode.swift; path = ProfileViewController.swift; sourceTree = "<group>"; };
		AD98429F2AFAA0340006E5B1 /* AddEventViewController.swift */ = {isa = PBXFileReference; lastKnownFileType = sourcecode.swift; path = AddEventViewController.swift; sourceTree = "<group>"; };
		ADBCC5792AFAE0130025608B /* Event.swift */ = {isa = PBXFileReference; lastKnownFileType = sourcecode.swift; path = Event.swift; sourceTree = "<group>"; };
		ADBCC57B2AFAE06A0025608B /* EventDataManager.swift */ = {isa = PBXFileReference; lastKnownFileType = sourcecode.swift; path = EventDataManager.swift; sourceTree = "<group>"; };
		ADBCC5802AFAE3390025608B /* DropPinViewController.swift */ = {isa = PBXFileReference; lastKnownFileType = sourcecode.swift; path = DropPinViewController.swift; sourceTree = "<group>"; };
		ADFBCCFA2AFAB2E7001B13AE /* MapViewController.swift */ = {isa = PBXFileReference; lastKnownFileType = sourcecode.swift; path = MapViewController.swift; sourceTree = "<group>"; };
/* End PBXFileReference section */

/* Begin PBXFrameworksBuildPhase section */
		AD72FA422AF9FB8700DE156C /* Frameworks */ = {
			isa = PBXFrameworksBuildPhase;
			buildActionMask = 2147483647;
			files = (
			);
			runOnlyForDeploymentPostprocessing = 0;
		};
/* End PBXFrameworksBuildPhase section */

/* Begin PBXGroup section */
		AD72FA3C2AF9FB8700DE156C = {
			isa = PBXGroup;
			children = (
				AD72FA472AF9FB8700DE156C /* EcoSpotter */,
				AD72FA462AF9FB8700DE156C /* Products */,
			);
			sourceTree = "<group>";
		};
		AD72FA462AF9FB8700DE156C /* Products */ = {
			isa = PBXGroup;
			children = (
				AD72FA452AF9FB8700DE156C /* EcoSpotter.app */,
			);
			name = Products;
			sourceTree = "<group>";
		};
		AD72FA472AF9FB8700DE156C /* EcoSpotter */ = {
			isa = PBXGroup;
			children = (
				AD7509972B06D278005E9ACD /* User */,
				ADBCC57F2AFAE2F60025608B /* Tab Bar */,
				ADBCC57E2AFAE2D70025608B /* Events */,
				ADBCC57D2AFAE2B80025608B /* Map */,
				AD72FA482AF9FB8700DE156C /* AppDelegate.swift */,
				AD72FA4A2AF9FB8700DE156C /* SceneDelegate.swift */,
				AD72FA4C2AF9FB8700DE156C /* ViewController.swift */,
				AD72FA4E2AF9FB8700DE156C /* Main.storyboard */,
				AD72FA512AF9FB8800DE156C /* Assets.xcassets */,
				AD72FA532AF9FB8800DE156C /* LaunchScreen.storyboard */,
				AD72FA562AF9FB8800DE156C /* Info.plist */,
			);
			path = EcoSpotter;
			sourceTree = "<group>";
		};
		AD7509942AFC1353005E9ACD /* Pins */ = {
			isa = PBXGroup;
			children = (
				AD7509952AFC1367005E9ACD /* CustomAnnotationView.swift */,
			);
			path = Pins;
			sourceTree = "<group>";
		};
		AD7509972B06D278005E9ACD /* User */ = {
			isa = PBXGroup;
			children = (
				AD7509982B06D288005E9ACD /* ProfileViewController.swift */,
			);
			path = User;
			sourceTree = "<group>";
		};
		ADBCC57D2AFAE2B80025608B /* Map */ = {
			isa = PBXGroup;
			children = (
				ADFBCCFA2AFAB2E7001B13AE /* MapViewController.swift */,
				ADBCC5802AFAE3390025608B /* DropPinViewController.swift */,
			);
			path = Map;
			sourceTree = "<group>";
		};
		ADBCC57E2AFAE2D70025608B /* Events */ = {
			isa = PBXGroup;
			children = (
				AD7509942AFC1353005E9ACD /* Pins */,
				AD98429F2AFAA0340006E5B1 /* AddEventViewController.swift */,
				ADBCC5792AFAE0130025608B /* Event.swift */,
				ADBCC57B2AFAE06A0025608B /* EventDataManager.swift */,
				AD7509902AFC0A20005E9ACD /* EventAnnotation.swift */,
				AD7509922AFC0A70005E9ACD /* EventViewController.swift */,
			);
			path = Events;
			sourceTree = "<group>";
		};
		ADBCC57F2AFAE2F60025608B /* Tab Bar */ = {
			isa = PBXGroup;
			children = (
				AD71D1D82AFA7C6F0037FE91 /* CustomTabBarController.swift */,
			);
			path = "Tab Bar";
			sourceTree = "<group>";
		};
/* End PBXGroup section */

/* Begin PBXNativeTarget section */
		AD72FA442AF9FB8700DE156C /* EcoSpotter */ = {
			isa = PBXNativeTarget;
			buildConfigurationList = AD72FA592AF9FB8800DE156C /* Build configuration list for PBXNativeTarget "EcoSpotter" */;
			buildPhases = (
				AD72FA412AF9FB8700DE156C /* Sources */,
				AD72FA422AF9FB8700DE156C /* Frameworks */,
				AD72FA432AF9FB8700DE156C /* Resources */,
			);
			buildRules = (
			);
			dependencies = (
			);
			name = EcoSpotter;
			productName = EcoSpotter;
			productReference = AD72FA452AF9FB8700DE156C /* EcoSpotter.app */;
			productType = "com.apple.product-type.application";
		};
/* End PBXNativeTarget section */

/* Begin PBXProject section */
		AD72FA3D2AF9FB8700DE156C /* Project object */ = {
			isa = PBXProject;
			attributes = {
				BuildIndependentTargetsInParallel = 1;
				LastSwiftUpdateCheck = 1430;
				LastUpgradeCheck = 1430;
				TargetAttributes = {
					AD72FA442AF9FB8700DE156C = {
						CreatedOnToolsVersion = 14.3.1;
					};
				};
			};
			buildConfigurationList = AD72FA402AF9FB8700DE156C /* Build configuration list for PBXProject "EcoSpotter" */;
			compatibilityVersion = "Xcode 14.0";
			developmentRegion = en;
			hasScannedForEncodings = 0;
			knownRegions = (
				en,
				Base,
			);
			mainGroup = AD72FA3C2AF9FB8700DE156C;
			productRefGroup = AD72FA462AF9FB8700DE156C /* Products */;
			projectDirPath = "";
			projectRoot = "";
			targets = (
				AD72FA442AF9FB8700DE156C /* EcoSpotter */,
			);
		};
/* End PBXProject section */

/* Begin PBXResourcesBuildPhase section */
		AD72FA432AF9FB8700DE156C /* Resources */ = {
			isa = PBXResourcesBuildPhase;
			buildActionMask = 2147483647;
			files = (
				AD72FA552AF9FB8800DE156C /* LaunchScreen.storyboard in Resources */,
				AD72FA522AF9FB8800DE156C /* Assets.xcassets in Resources */,
				AD72FA502AF9FB8700DE156C /* Main.storyboard in Resources */,
			);
			runOnlyForDeploymentPostprocessing = 0;
		};
/* End PBXResourcesBuildPhase section */

/* Begin PBXSourcesBuildPhase section */
		AD72FA412AF9FB8700DE156C /* Sources */ = {
			isa = PBXSourcesBuildPhase;
			buildActionMask = 2147483647;
			files = (
				ADBCC57C2AFAE06A0025608B /* EventDataManager.swift in Sources */,
				AD7509932AFC0A70005E9ACD /* EventViewController.swift in Sources */,
				AD72FA4D2AF9FB8700DE156C /* ViewController.swift in Sources */,
				ADFBCCFB2AFAB2E7001B13AE /* MapViewController.swift in Sources */,
				AD7509912AFC0A20005E9ACD /* EventAnnotation.swift in Sources */,
				AD72FA492AF9FB8700DE156C /* AppDelegate.swift in Sources */,
				AD9842A02AFAA0340006E5B1 /* AddEventViewController.swift in Sources */,
				ADBCC5812AFAE3390025608B /* DropPinViewController.swift in Sources */,
				AD71D1D92AFA7C6F0037FE91 /* CustomTabBarController.swift in Sources */,
				ADBCC57A2AFAE0130025608B /* Event.swift in Sources */,
				AD7509992B06D288005E9ACD /* ProfileViewController.swift in Sources */,
				AD7509962AFC1367005E9ACD /* CustomAnnotationView.swift in Sources */,
				AD72FA4B2AF9FB8700DE156C /* SceneDelegate.swift in Sources */,
			);
			runOnlyForDeploymentPostprocessing = 0;
		};
/* End PBXSourcesBuildPhase section */

/* Begin PBXVariantGroup section */
		AD72FA4E2AF9FB8700DE156C /* Main.storyboard */ = {
			isa = PBXVariantGroup;
			children = (
				AD72FA4F2AF9FB8700DE156C /* Base */,
			);
			name = Main.storyboard;
			sourceTree = "<group>";
		};
		AD72FA532AF9FB8800DE156C /* LaunchScreen.storyboard */ = {
			isa = PBXVariantGroup;
			children = (
				AD72FA542AF9FB8800DE156C /* Base */,
			);
			name = LaunchScreen.storyboard;
			sourceTree = "<group>";
		};
/* End PBXVariantGroup section */

/* Begin XCBuildConfiguration section */
		AD72FA572AF9FB8800DE156C /* Debug */ = {
			isa = XCBuildConfiguration;
			buildSettings = {
				ALWAYS_SEARCH_USER_PATHS = NO;
				CLANG_ANALYZER_NONNULL = YES;
				CLANG_ANALYZER_NUMBER_OBJECT_CONVERSION = YES_AGGRESSIVE;
				CLANG_CXX_LANGUAGE_STANDARD = "gnu++20";
				CLANG_ENABLE_MODULES = YES;
				CLANG_ENABLE_OBJC_ARC = YES;
				CLANG_ENABLE_OBJC_WEAK = YES;
				CLANG_WARN_BLOCK_CAPTURE_AUTORELEASING = YES;
				CLANG_WARN_BOOL_CONVERSION = YES;
				CLANG_WARN_COMMA = YES;
				CLANG_WARN_CONSTANT_CONVERSION = YES;
				CLANG_WARN_DEPRECATED_OBJC_IMPLEMENTATIONS = YES;
				CLANG_WARN_DIRECT_OBJC_ISA_USAGE = YES_ERROR;
				CLANG_WARN_DOCUMENTATION_COMMENTS = YES;
				CLANG_WARN_EMPTY_BODY = YES;
				CLANG_WARN_ENUM_CONVERSION = YES;
				CLANG_WARN_INFINITE_RECURSION = YES;
				CLANG_WARN_INT_CONVERSION = YES;
				CLANG_WARN_NON_LITERAL_NULL_CONVERSION = YES;
				CLANG_WARN_OBJC_IMPLICIT_RETAIN_SELF = YES;
				CLANG_WARN_OBJC_LITERAL_CONVERSION = YES;
				CLANG_WARN_OBJC_ROOT_CLASS = YES_ERROR;
				CLANG_WARN_QUOTED_INCLUDE_IN_FRAMEWORK_HEADER = YES;
				CLANG_WARN_RANGE_LOOP_ANALYSIS = YES;
				CLANG_WARN_STRICT_PROTOTYPES = YES;
				CLANG_WARN_SUSPICIOUS_MOVE = YES;
				CLANG_WARN_UNGUARDED_AVAILABILITY = YES_AGGRESSIVE;
				CLANG_WARN_UNREACHABLE_CODE = YES;
				CLANG_WARN__DUPLICATE_METHOD_MATCH = YES;
				COPY_PHASE_STRIP = NO;
				DEBUG_INFORMATION_FORMAT = dwarf;
				ENABLE_STRICT_OBJC_MSGSEND = YES;
				ENABLE_TESTABILITY = YES;
				GCC_C_LANGUAGE_STANDARD = gnu11;
				GCC_DYNAMIC_NO_PIC = NO;
				GCC_NO_COMMON_BLOCKS = YES;
				GCC_OPTIMIZATION_LEVEL = 0;
				GCC_PREPROCESSOR_DEFINITIONS = (
					"DEBUG=1",
					"$(inherited)",
				);
				GCC_WARN_64_TO_32_BIT_CONVERSION = YES;
				GCC_WARN_ABOUT_RETURN_TYPE = YES_ERROR;
				GCC_WARN_UNDECLARED_SELECTOR = YES;
				GCC_WARN_UNINITIALIZED_AUTOS = YES_AGGRESSIVE;
				GCC_WARN_UNUSED_FUNCTION = YES;
				GCC_WARN_UNUSED_VARIABLE = YES;
				IPHONEOS_DEPLOYMENT_TARGET = 16.4;
				MTL_ENABLE_DEBUG_INFO = INCLUDE_SOURCE;
				MTL_FAST_MATH = YES;
				ONLY_ACTIVE_ARCH = YES;
				SDKROOT = iphoneos;
				SWIFT_ACTIVE_COMPILATION_CONDITIONS = DEBUG;
				SWIFT_OPTIMIZATION_LEVEL = "-Onone";
			};
			name = Debug;
		};
		AD72FA582AF9FB8800DE156C /* Release */ = {
			isa = XCBuildConfiguration;
			buildSettings = {
				ALWAYS_SEARCH_USER_PATHS = NO;
				CLANG_ANALYZER_NONNULL = YES;
				CLANG_ANALYZER_NUMBER_OBJECT_CONVERSION = YES_AGGRESSIVE;
				CLANG_CXX_LANGUAGE_STANDARD = "gnu++20";
				CLANG_ENABLE_MODULES = YES;
				CLANG_ENABLE_OBJC_ARC = YES;
				CLANG_ENABLE_OBJC_WEAK = YES;
				CLANG_WARN_BLOCK_CAPTURE_AUTORELEASING = YES;
				CLANG_WARN_BOOL_CONVERSION = YES;
				CLANG_WARN_COMMA = YES;
				CLANG_WARN_CONSTANT_CONVERSION = YES;
				CLANG_WARN_DEPRECATED_OBJC_IMPLEMENTATIONS = YES;
				CLANG_WARN_DIRECT_OBJC_ISA_USAGE = YES_ERROR;
				CLANG_WARN_DOCUMENTATION_COMMENTS = YES;
				CLANG_WARN_EMPTY_BODY = YES;
				CLANG_WARN_ENUM_CONVERSION = YES;
				CLANG_WARN_INFINITE_RECURSION = YES;
				CLANG_WARN_INT_CONVERSION = YES;
				CLANG_WARN_NON_LITERAL_NULL_CONVERSION = YES;
				CLANG_WARN_OBJC_IMPLICIT_RETAIN_SELF = YES;
				CLANG_WARN_OBJC_LITERAL_CONVERSION = YES;
				CLANG_WARN_OBJC_ROOT_CLASS = YES_ERROR;
				CLANG_WARN_QUOTED_INCLUDE_IN_FRAMEWORK_HEADER = YES;
				CLANG_WARN_RANGE_LOOP_ANALYSIS = YES;
				CLANG_WARN_STRICT_PROTOTYPES = YES;
				CLANG_WARN_SUSPICIOUS_MOVE = YES;
				CLANG_WARN_UNGUARDED_AVAILABILITY = YES_AGGRESSIVE;
				CLANG_WARN_UNREACHABLE_CODE = YES;
				CLANG_WARN__DUPLICATE_METHOD_MATCH = YES;
				COPY_PHASE_STRIP = NO;
				DEBUG_INFORMATION_FORMAT = "dwarf-with-dsym";
				ENABLE_NS_ASSERTIONS = NO;
				ENABLE_STRICT_OBJC_MSGSEND = YES;
				GCC_C_LANGUAGE_STANDARD = gnu11;
				GCC_NO_COMMON_BLOCKS = YES;
				GCC_WARN_64_TO_32_BIT_CONVERSION = YES;
				GCC_WARN_ABOUT_RETURN_TYPE = YES_ERROR;
				GCC_WARN_UNDECLARED_SELECTOR = YES;
				GCC_WARN_UNINITIALIZED_AUTOS = YES_AGGRESSIVE;
				GCC_WARN_UNUSED_FUNCTION = YES;
				GCC_WARN_UNUSED_VARIABLE = YES;
				IPHONEOS_DEPLOYMENT_TARGET = 16.4;
				MTL_ENABLE_DEBUG_INFO = NO;
				MTL_FAST_MATH = YES;
				SDKROOT = iphoneos;
				SWIFT_COMPILATION_MODE = wholemodule;
				SWIFT_OPTIMIZATION_LEVEL = "-O";
				VALIDATE_PRODUCT = YES;
			};
			name = Release;
		};
		AD72FA5A2AF9FB8800DE156C /* Debug */ = {
			isa = XCBuildConfiguration;
			buildSettings = {
				ASSETCATALOG_COMPILER_APPICON_NAME = AppIcon;
				ASSETCATALOG_COMPILER_GLOBAL_ACCENT_COLOR_NAME = AccentColor;
				CODE_SIGN_STYLE = Automatic;
				CURRENT_PROJECT_VERSION = 1;
				DEVELOPMENT_TEAM = PGRN2VGRTT;
				GENERATE_INFOPLIST_FILE = YES;
				INFOPLIST_FILE = EcoSpotter/Info.plist;
				INFOPLIST_KEY_UIApplicationSupportsIndirectInputEvents = YES;
				INFOPLIST_KEY_UILaunchStoryboardName = LaunchScreen;
				INFOPLIST_KEY_UIMainStoryboardFile = Main;
				INFOPLIST_KEY_UISupportedInterfaceOrientations_iPad = "UIInterfaceOrientationPortrait UIInterfaceOrientationPortraitUpsideDown UIInterfaceOrientationLandscapeLeft UIInterfaceOrientationLandscapeRight";
				INFOPLIST_KEY_UISupportedInterfaceOrientations_iPhone = "UIInterfaceOrientationPortrait UIInterfaceOrientationLandscapeLeft UIInterfaceOrientationLandscapeRight";
				LD_RUNPATH_SEARCH_PATHS = (
					"$(inherited)",
					"@executable_path/Frameworks",
				);
				MARKETING_VERSION = 1.0;
				PRODUCT_BUNDLE_IDENTIFIER = lwilliams002.EcoSpotter;
				PRODUCT_NAME = "$(TARGET_NAME)";
				SWIFT_EMIT_LOC_STRINGS = YES;
				SWIFT_VERSION = 5.0;
				TARGETED_DEVICE_FAMILY = "1,2";
			};
			name = Debug;
		};
		AD72FA5B2AF9FB8800DE156C /* Release */ = {
			isa = XCBuildConfiguration;
			buildSettings = {
				ASSETCATALOG_COMPILER_APPICON_NAME = AppIcon;
				ASSETCATALOG_COMPILER_GLOBAL_ACCENT_COLOR_NAME = AccentColor;
				CODE_SIGN_STYLE = Automatic;
				CURRENT_PROJECT_VERSION = 1;
				DEVELOPMENT_TEAM = PGRN2VGRTT;
				GENERATE_INFOPLIST_FILE = YES;
				INFOPLIST_FILE = EcoSpotter/Info.plist;
				INFOPLIST_KEY_UIApplicationSupportsIndirectInputEvents = YES;
				INFOPLIST_KEY_UILaunchStoryboardName = LaunchScreen;
				INFOPLIST_KEY_UIMainStoryboardFile = Main;
				INFOPLIST_KEY_UISupportedInterfaceOrientations_iPad = "UIInterfaceOrientationPortrait UIInterfaceOrientationPortraitUpsideDown UIInterfaceOrientationLandscapeLeft UIInterfaceOrientationLandscapeRight";
				INFOPLIST_KEY_UISupportedInterfaceOrientations_iPhone = "UIInterfaceOrientationPortrait UIInterfaceOrientationLandscapeLeft UIInterfaceOrientationLandscapeRight";
				LD_RUNPATH_SEARCH_PATHS = (
					"$(inherited)",
					"@executable_path/Frameworks",
				);
				MARKETING_VERSION = 1.0;
				PRODUCT_BUNDLE_IDENTIFIER = lwilliams002.EcoSpotter;
				PRODUCT_NAME = "$(TARGET_NAME)";
				SWIFT_EMIT_LOC_STRINGS = YES;
				SWIFT_VERSION = 5.0;
				TARGETED_DEVICE_FAMILY = "1,2";
			};
			name = Release;
		};
/* End XCBuildConfiguration section */

/* Begin XCConfigurationList section */
		AD72FA402AF9FB8700DE156C /* Build configuration list for PBXProject "EcoSpotter" */ = {
			isa = XCConfigurationList;
			buildConfigurations = (
				AD72FA572AF9FB8800DE156C /* Debug */,
				AD72FA582AF9FB8800DE156C /* Release */,
			);
			defaultConfigurationIsVisible = 0;
			defaultConfigurationName = Release;
		};
		AD72FA592AF9FB8800DE156C /* Build configuration list for PBXNativeTarget "EcoSpotter" */ = {
			isa = XCConfigurationList;
			buildConfigurations = (
				AD72FA5A2AF9FB8800DE156C /* Debug */,
				AD72FA5B2AF9FB8800DE156C /* Release */,
			);
			defaultConfigurationIsVisible = 0;
			defaultConfigurationName = Release;
		};
/* End XCConfigurationList section */
	};
	rootObject = AD72FA3D2AF9FB8700DE156C /* Project object */;
}
